
Microsoft Visual Studio Solution File, Format Version 12.00
# Visual Studio Version 17
VisualStudioVersion = 17.12.35707.178
MinimumVisualStudioVersion = 10.0.40219.1
Project("{FAE04EC0-301F-11D3-BF4B-00C04F79EFBC}") = "cbData", "cbData\cbData.csproj", "{1FE6B7DB-97D2-4085-AD6F-250FD621DD6F}"
EndProject
Project("{FAE04EC0-301F-11D3-BF4B-00C04F79EFBC}") = "cbData.BE.DB", "cbData.BE.DB\cbData.BE.DB.csproj", "{F2840544-93CB-4F09-A7F5-C3E3231766D6}"
EndProject
Project("{FAE04EC0-301F-11D3-BF4B-00C04F79EFBC}") = "cbData.BE.BusinessLogic", "cbData.BE.BusinessLogic\cbData.BE.BusinessLogic.csproj", "{5276362A-3D15-4B6D-B36B-86C40FC755AF}"
EndProject
Project("{FAE04EC0-301F-11D3-BF4B-00C04F79EFBC}") = "cbData.Shared", "cbData.Shared\cbData.Shared.csproj", "{7EA2150D-3ABD-4007-BBF3-ADAD20DC2C2A}"
EndProject
Project("{FAE04EC0-301F-11D3-BF4B-00C04F79EFBC}") = "cbData.BE.DB.Tests", "cbData.BE.DB.Tests\cbData.BE.DB.Tests.csproj", "{802FF572-BE92-4C45-AB9C-661148B99BBF}"
EndProject
Project("{2150E333-8FDC-42A3-9474-1A3956D46DE8}") = "Tests", "Tests", "{10A91F4C-F6E1-4B74-B0FF-DB86D9D6AFDF}"
EndProject
Project("{2150E333-8FDC-42A3-9474-1A3956D46DE8}") = "BE", "BE", "{B4899AE6-7080-4D71-9914-193EA753A424}"
EndProject
Project("{2150E333-8FDC-42A3-9474-1A3956D46DE8}") = "Postman", "Postman", "{5F3E80E7-C23E-44B9-ACDC-B2FD04BD3FB4}"
	ProjectSection(SolutionItems) = preProject
		..\..\Pracovní složka\Desktop\cbData\cbDataTest.postman_collection.json = ..\..\Pracovní složka\Desktop\cbData\cbDataTest.postman_collection.json
	EndProjectSection
EndProject
Global
	GlobalSection(SolutionConfigurationPlatforms) = preSolution
		Debug|Any CPU = Debug|Any CPU
		Release|Any CPU = Release|Any CPU
	EndGlobalSection
	GlobalSection(ProjectConfigurationPlatforms) = postSolution
		{1FE6B7DB-97D2-4085-AD6F-250FD621DD6F}.Debug|Any CPU.ActiveCfg = Debug|Any CPU
		{1FE6B7DB-97D2-4085-AD6F-250FD621DD6F}.Debug|Any CPU.Build.0 = Debug|Any CPU
		{1FE6B7DB-97D2-4085-AD6F-250FD621DD6F}.Release|Any CPU.ActiveCfg = Release|Any CPU
		{1FE6B7DB-97D2-4085-AD6F-250FD621DD6F}.Release|Any CPU.Build.0 = Release|Any CPU
		{F2840544-93CB-4F09-A7F5-C3E3231766D6}.Debug|Any CPU.ActiveCfg = Debug|Any CPU
		{F2840544-93CB-4F09-A7F5-C3E3231766D6}.Debug|Any CPU.Build.0 = Debug|Any CPU
		{F2840544-93CB-4F09-A7F5-C3E3231766D6}.Release|Any CPU.ActiveCfg = Release|Any CPU
		{F2840544-93CB-4F09-A7F5-C3E3231766D6}.Release|Any CPU.Build.0 = Release|Any CPU
		{5276362A-3D15-4B6D-B36B-86C40FC755AF}.Debug|Any CPU.ActiveCfg = Debug|Any CPU
		{5276362A-3D15-4B6D-B36B-86C40FC755AF}.Debug|Any CPU.Build.0 = Debug|Any CPU
		{5276362A-3D15-4B6D-B36B-86C40FC755AF}.Release|Any CPU.ActiveCfg = Release|Any CPU
		{5276362A-3D15-4B6D-B36B-86C40FC755AF}.Release|Any CPU.Build.0 = Release|Any CPU
		{7EA2150D-3ABD-4007-BBF3-ADAD20DC2C2A}.Debug|Any CPU.ActiveCfg = Debug|Any CPU
		{7EA2150D-3ABD-4007-BBF3-ADAD20DC2C2A}.Debug|Any CPU.Build.0 = Debug|Any CPU
		{7EA2150D-3ABD-4007-BBF3-ADAD20DC2C2A}.Release|Any CPU.ActiveCfg = Release|Any CPU
		{7EA2150D-3ABD-4007-BBF3-ADAD20DC2C2A}.Release|Any CPU.Build.0 = Release|Any CPU
		{802FF572-BE92-4C45-AB9C-661148B99BBF}.Debug|Any CPU.ActiveCfg = Debug|Any CPU
		{802FF572-BE92-4C45-AB9C-661148B99BBF}.Debug|Any CPU.Build.0 = Debug|Any CPU
		{802FF572-BE92-4C45-AB9C-661148B99BBF}.Release|Any CPU.ActiveCfg = Release|Any CPU
		{802FF572-BE92-4C45-AB9C-661148B99BBF}.Release|Any CPU.Build.0 = Release|Any CPU
	EndGlobalSection
	GlobalSection(SolutionProperties) = preSolution
		HideSolutionNode = FALSE
	EndGlobalSection
	GlobalSection(NestedProjects) = preSolution
		{F2840544-93CB-4F09-A7F5-C3E3231766D6} = {B4899AE6-7080-4D71-9914-193EA753A424}
		{5276362A-3D15-4B6D-B36B-86C40FC755AF} = {B4899AE6-7080-4D71-9914-193EA753A424}
		{802FF572-BE92-4C45-AB9C-661148B99BBF} = {10A91F4C-F6E1-4B74-B0FF-DB86D9D6AFDF}
		{5F3E80E7-C23E-44B9-ACDC-B2FD04BD3FB4} = {10A91F4C-F6E1-4B74-B0FF-DB86D9D6AFDF}
	EndGlobalSection
EndGlobal
